
Microsoft Visual Studio Solution File, Format Version 12.00
# Visual Studio Version 17
VisualStudioVersion = 17.5.33530.505
MinimumVisualStudioVersion = 10.0.40219.1
Project("{9A19103F-16F7-4668-BE54-9A1E7A4F7556}") = "MyProject", "MyProject\MyProject.csproj", "{0B28B52C-6D4A-4B9E-A639-86AF68BE43D3}"
EndProject
Project("{9A19103F-16F7-4668-BE54-9A1E7A4F7556}") = "MyProject.Models", "MyProject.Models\MyProject.Models.csproj", "{5FC7F5AA-8A63-45A7-8B30-C91EC0297130}"
EndProject
Project("{9A19103F-16F7-4668-BE54-9A1E7A4F7556}") = "MyProject.DataAccessLayer", "MyProject.DataAccessLayer\MyProject.DataAccessLayer.csproj", "{3898C498-6C3C-4AFF-BE84-9F6FE7090126}"
EndProject
Project("{9A19103F-16F7-4668-BE54-9A1E7A4F7556}") = "MyProject.MyCommonHelper", "MyProject.CommonHelper\MyProject.MyCommonHelper.csproj", "{F07AE233-8AFC-41C9-BAC9-7C2EA67A9EC4}"
EndProject
Global
	GlobalSection(SolutionConfigurationPlatforms) = preSolution
		Debug|Any CPU = Debug|Any CPU
		Release|Any CPU = Release|Any CPU
	EndGlobalSection
	GlobalSection(ProjectConfigurationPlatforms) = postSolution
		{0B28B52C-6D4A-4B9E-A639-86AF68BE43D3}.Debug|Any CPU.ActiveCfg = Debug|Any CPU
		{0B28B52C-6D4A-4B9E-A639-86AF68BE43D3}.Debug|Any CPU.Build.0 = Debug|Any CPU
		{0B28B52C-6D4A-4B9E-A639-86AF68BE43D3}.Release|Any CPU.ActiveCfg = Release|Any CPU
		{0B28B52C-6D4A-4B9E-A639-86AF68BE43D3}.Release|Any CPU.Build.0 = Release|Any CPU
		{5FC7F5AA-8A63-45A7-8B30-C91EC0297130}.Debug|Any CPU.ActiveCfg = Debug|Any CPU
		{5FC7F5AA-8A63-45A7-8B30-C91EC0297130}.Debug|Any CPU.Build.0 = Debug|Any CPU
		{5FC7F5AA-8A63-45A7-8B30-C91EC0297130}.Release|Any CPU.ActiveCfg = Release|Any CPU
		{5FC7F5AA-8A63-45A7-8B30-C91EC0297130}.Release|Any CPU.Build.0 = Release|Any CPU
		{3898C498-6C3C-4AFF-BE84-9F6FE7090126}.Debug|Any CPU.ActiveCfg = Debug|Any CPU
		{3898C498-6C3C-4AFF-BE84-9F6FE7090126}.Debug|Any CPU.Build.0 = Debug|Any CPU
		{3898C498-6C3C-4AFF-BE84-9F6FE7090126}.Release|Any CPU.ActiveCfg = Release|Any CPU
		{3898C498-6C3C-4AFF-BE84-9F6FE7090126}.Release|Any CPU.Build.0 = Release|Any CPU
		{F07AE233-8AFC-41C9-BAC9-7C2EA67A9EC4}.Debug|Any CPU.ActiveCfg = Debug|Any CPU
		{F07AE233-8AFC-41C9-BAC9-7C2EA67A9EC4}.Debug|Any CPU.Build.0 = Debug|Any CPU
		{F07AE233-8AFC-41C9-BAC9-7C2EA67A9EC4}.Release|Any CPU.ActiveCfg = Release|Any CPU
		{F07AE233-8AFC-41C9-BAC9-7C2EA67A9EC4}.Release|Any CPU.Build.0 = Release|Any CPU
	EndGlobalSection
	GlobalSection(SolutionProperties) = preSolution
		HideSolutionNode = FALSE
	EndGlobalSection
	GlobalSection(ExtensibilityGlobals) = postSolution
		SolutionGuid = {92B87D10-604D-4A7C-ADB6-C41C02F13B96}
	EndGlobalSection
EndGlobal
